
Microsoft Visual Studio Solution File, Format Version 12.00
# Visual Studio Version 17
VisualStudioVersion = 17.5.002.0
MinimumVisualStudioVersion = 10.0.40219.1
Project("{9A19103F-16F7-4668-BE54-9A1E7A4F7556}") = "app", "app\app.csproj", "{9B98B954-674C-43D4-ABAB-7356F7F51251}"
EndProject
Global
	GlobalSection(SolutionConfigurationPlatforms) = preSolution
		Debug|Any CPU = Debug|Any CPU
		Release|Any CPU = Release|Any CPU
	EndGlobalSection
	GlobalSection(ProjectConfigurationPlatforms) = postSolution
		{9B98B954-674C-43D4-ABAB-7356F7F51251}.Debug|Any CPU.ActiveCfg = Debug|Any CPU
		{9B98B954-674C-43D4-ABAB-7356F7F51251}.Debug|Any CPU.Build.0 = Debug|Any CPU
		{9B98B954-674C-43D4-ABAB-7356F7F51251}.Release|Any CPU.ActiveCfg = Release|Any CPU
		{9B98B954-674C-43D4-ABAB-7356F7F51251}.Release|Any CPU.Build.0 = Release|Any CPU
	EndGlobalSection
	GlobalSection(SolutionProperties) = preSolution
		HideSolutionNode = FALSE
	EndGlobalSection
	GlobalSection(ExtensibilityGlobals) = postSolution
		SolutionGuid = {E51ED2FB-081A-49B7-91A5-718FE26541EC}
	EndGlobalSection
EndGlobal
